{
  "dependencies": {
    "alsa_lib": "18cde6db39b9db7bcb4a1843e30a8fba01182c993a21581efccf4cf74c758a7f",
    "git": "c6a0933fd07b4ecd83b10b99b627d02bca9f88ad250486f0add80a39b369ade4",
    "libpcap": "51a3c1683a174e2dbbce037e4e66c2d7239cc5e5a833eed4d016e8cb9e23ef57",
    "nushell": "cac8de45d6d5a5e4c97c1234a2da434caec3e5d8a4d944f8b70b3c6ffbf228a1",
    "rust": "57076eb315dd167760cde517d69a5a62b3c651435dc5e5036ebcb5ad4e21b22b",
    "std": "6f9c8866c2091ed4cb4bcd66a30fca7b6e6c61a838e065e4458a7e2d485b128b"
  },
  "git_refs": {
    "https://github.com/GyulyVGC/sniffnet.git": {
      "v1.3.1": "ecb20f62d3475112105b4210b2cba5a652a08f16"
    }
  }
}
