{
  "dependencies": {
    "alsa_lib": "91b8ab58833c716eb1cf7639be823df7dfba8631f4fe39b08984f8cd31fb59b7",
    "libpcap": "ca75c7881adeac93a05b7188e7a35d6acdb361636250fa5b83c03c7acba1a7d2",
    "rust": "662ce9f86b5e76f93e10d3ded138c151e9ecf7712fb68d8e96973232e0d1ca8f",
    "std": "0aba0ceccaa76b989badef4c82178993f9a74e992b4f13b366174af58ce64aaf"
  },
  "git_refs": {
    "https://github.com/GyulyVGC/sniffnet.git": {
      "v1.4.0": "069a7bd314483e7639c7078d47c77a9308832715"
    }
  }
}
